// !$*UTF8*$!
{
	archiveVersion = 1;
	classes = {
	};
	objectVersion = 50;
	objects = {

/* Begin PBXBuildFile section */
		553F531F22F9C2450001B0D4 /* LifetimeCalculator.swift in Sources */ = {isa = PBXBuildFile; fileRef = 553F531E22F9C2450001B0D4 /* LifetimeCalculator.swift */; };
		553F532322F9C2D10001B0D4 /* Lifetime.swift in Sources */ = {isa = PBXBuildFile; fileRef = 553F532222F9C2D10001B0D4 /* Lifetime.swift */; };
		553F532522F9C6120001B0D4 /* General.swift in Sources */ = {isa = PBXBuildFile; fileRef = 553F532422F9C6120001B0D4 /* General.swift */; };
		5549F4712300150B0072644B /* LifetimeCalculatorImpl.swift in Sources */ = {isa = PBXBuildFile; fileRef = 5549F4702300150B0072644B /* LifetimeCalculatorImpl.swift */; };
		558013F522F8B04000FA6D7A /* AppDelegate.swift in Sources */ = {isa = PBXBuildFile; fileRef = 558013F422F8B04000FA6D7A /* AppDelegate.swift */; };
		558013F722F8B04000FA6D7A /* SceneDelegate.swift in Sources */ = {isa = PBXBuildFile; fileRef = 558013F622F8B04000FA6D7A /* SceneDelegate.swift */; };
		558013F922F8B04000FA6D7A /* MainViewController.swift in Sources */ = {isa = PBXBuildFile; fileRef = 558013F822F8B04000FA6D7A /* MainViewController.swift */; };
		558013FC22F8B04000FA6D7A /* Main.storyboard in Resources */ = {isa = PBXBuildFile; fileRef = 558013FA22F8B04000FA6D7A /* Main.storyboard */; };
		558013FE22F8B04000FA6D7A /* Assets.xcassets in Resources */ = {isa = PBXBuildFile; fileRef = 558013FD22F8B04000FA6D7A /* Assets.xcassets */; };
		559ABB4622FEDB8D00DCCA4D /* PreferencesRepository.swift in Sources */ = {isa = PBXBuildFile; fileRef = 559ABB4522FEDB8D00DCCA4D /* PreferencesRepository.swift */; };
		559ABB4822FEDBE500DCCA4D /* PreferencesRepositoryImpl.swift in Sources */ = {isa = PBXBuildFile; fileRef = 559ABB4722FEDBE500DCCA4D /* PreferencesRepositoryImpl.swift */; };
		559ABB4D22FEE20F00DCCA4D /* LifeDiagramViewController.swift in Sources */ = {isa = PBXBuildFile; fileRef = 559ABB4C22FEE20F00DCCA4D /* LifeDiagramViewController.swift */; };
/* End PBXBuildFile section */

/* Begin PBXFileReference section */
		553F531E22F9C2450001B0D4 /* LifetimeCalculator.swift */ = {isa = PBXFileReference; lastKnownFileType = sourcecode.swift; path = LifetimeCalculator.swift; sourceTree = "<group>"; };
		553F532222F9C2D10001B0D4 /* Lifetime.swift */ = {isa = PBXFileReference; lastKnownFileType = sourcecode.swift; path = Lifetime.swift; sourceTree = "<group>"; };
		553F532422F9C6120001B0D4 /* General.swift */ = {isa = PBXFileReference; lastKnownFileType = sourcecode.swift; path = General.swift; sourceTree = "<group>"; };
		5549F4702300150B0072644B /* LifetimeCalculatorImpl.swift */ = {isa = PBXFileReference; lastKnownFileType = sourcecode.swift; path = LifetimeCalculatorImpl.swift; sourceTree = "<group>"; };
		558013F122F8B04000FA6D7A /* lifetime.app */ = {isa = PBXFileReference; explicitFileType = wrapper.application; includeInIndex = 0; path = lifetime.app; sourceTree = BUILT_PRODUCTS_DIR; };
		558013F422F8B04000FA6D7A /* AppDelegate.swift */ = {isa = PBXFileReference; lastKnownFileType = sourcecode.swift; path = AppDelegate.swift; sourceTree = "<group>"; };
		558013F622F8B04000FA6D7A /* SceneDelegate.swift */ = {isa = PBXFileReference; lastKnownFileType = sourcecode.swift; path = SceneDelegate.swift; sourceTree = "<group>"; };
		558013F822F8B04000FA6D7A /* MainViewController.swift */ = {isa = PBXFileReference; lastKnownFileType = sourcecode.swift; path = MainViewController.swift; sourceTree = "<group>"; };
		558013FB22F8B04000FA6D7A /* Base */ = {isa = PBXFileReference; lastKnownFileType = file.storyboard; name = Base; path = Base.lproj/Main.storyboard; sourceTree = "<group>"; };
		558013FD22F8B04000FA6D7A /* Assets.xcassets */ = {isa = PBXFileReference; lastKnownFileType = folder.assetcatalog; path = Assets.xcassets; sourceTree = "<group>"; };
		5580140222F8B04000FA6D7A /* Info.plist */ = {isa = PBXFileReference; lastKnownFileType = text.plist.xml; path = Info.plist; sourceTree = "<group>"; };
		559ABB4522FEDB8D00DCCA4D /* PreferencesRepository.swift */ = {isa = PBXFileReference; lastKnownFileType = sourcecode.swift; path = PreferencesRepository.swift; sourceTree = "<group>"; };
		559ABB4722FEDBE500DCCA4D /* PreferencesRepositoryImpl.swift */ = {isa = PBXFileReference; lastKnownFileType = sourcecode.swift; path = PreferencesRepositoryImpl.swift; sourceTree = "<group>"; };
		559ABB4C22FEE20F00DCCA4D /* LifeDiagramViewController.swift */ = {isa = PBXFileReference; lastKnownFileType = sourcecode.swift; path = LifeDiagramViewController.swift; sourceTree = "<group>"; };
/* End PBXFileReference section */

/* Begin PBXFrameworksBuildPhase section */
		558013EE22F8B04000FA6D7A /* Frameworks */ = {
			isa = PBXFrameworksBuildPhase;
			buildActionMask = 2147483647;
			files = (
			);
			runOnlyForDeploymentPostprocessing = 0;
		};
/* End PBXFrameworksBuildPhase section */

/* Begin PBXGroup section */
		558013E822F8B04000FA6D7A = {
			isa = PBXGroup;
			children = (
				558013F322F8B04000FA6D7A /* lifetime */,
				558013F222F8B04000FA6D7A /* Products */,
			);
			sourceTree = "<group>";
		};
		558013F222F8B04000FA6D7A /* Products */ = {
			isa = PBXGroup;
			children = (
				558013F122F8B04000FA6D7A /* lifetime.app */,
			);
			name = Products;
			sourceTree = "<group>";
		};
		558013F322F8B04000FA6D7A /* lifetime */ = {
			isa = PBXGroup;
			children = (
				559ABB4922FEDE3400DCCA4D /* presentation */,
				559ABB4422FEDB2600DCCA4D /* domain */,
				5580140222F8B04000FA6D7A /* Info.plist */,
				558013F422F8B04000FA6D7A /* AppDelegate.swift */,
				553F532422F9C6120001B0D4 /* General.swift */,
				558013F622F8B04000FA6D7A /* SceneDelegate.swift */,
				558013FD22F8B04000FA6D7A /* Assets.xcassets */,
				558013FA22F8B04000FA6D7A /* Main.storyboard */,
			);
			path = lifetime;
			sourceTree = "<group>";
		};
		559ABB4422FEDB2600DCCA4D /* domain */ = {
			isa = PBXGroup;
			children = (
				553F532222F9C2D10001B0D4 /* Lifetime.swift */,
				553F531E22F9C2450001B0D4 /* LifetimeCalculator.swift */,
				5549F4702300150B0072644B /* LifetimeCalculatorImpl.swift */,
				559ABB4522FEDB8D00DCCA4D /* PreferencesRepository.swift */,
				559ABB4722FEDBE500DCCA4D /* PreferencesRepositoryImpl.swift */,
			);
			path = domain;
			sourceTree = "<group>";
		};
		559ABB4922FEDE3400DCCA4D /* presentation */ = {
			isa = PBXGroup;
			children = (
				558013F822F8B04000FA6D7A /* MainViewController.swift */,
				559ABB4C22FEE20F00DCCA4D /* LifeDiagramViewController.swift */,
			);
			path = presentation;
			sourceTree = "<group>";
		};
/* End PBXGroup section */

/* Begin PBXNativeTarget section */
		558013F022F8B04000FA6D7A /* lifetime */ = {
			isa = PBXNativeTarget;
			buildConfigurationList = 5580140522F8B04000FA6D7A /* Build configuration list for PBXNativeTarget "lifetime" */;
			buildPhases = (
				558013ED22F8B04000FA6D7A /* Sources */,
				558013EE22F8B04000FA6D7A /* Frameworks */,
				558013EF22F8B04000FA6D7A /* Resources */,
			);
			buildRules = (
			);
			dependencies = (
			);
			name = lifetime;
			productName = lifetime;
			productReference = 558013F122F8B04000FA6D7A /* lifetime.app */;
			productType = "com.apple.product-type.application";
		};
/* End PBXNativeTarget section */

/* Begin PBXProject section */
		558013E922F8B04000FA6D7A /* Project object */ = {
			isa = PBXProject;
			attributes = {
				LastSwiftUpdateCheck = 1100;
				LastUpgradeCheck = 1100;
				ORGANIZATIONNAME = "Latitude Apps";
				TargetAttributes = {
					558013F022F8B04000FA6D7A = {
						CreatedOnToolsVersion = 11.0;
					};
				};
			};
			buildConfigurationList = 558013EC22F8B04000FA6D7A /* Build configuration list for PBXProject "lifetime" */;
			compatibilityVersion = "Xcode 9.3";
			developmentRegion = en;
			hasScannedForEncodings = 0;
			knownRegions = (
				en,
				Base,
			);
			mainGroup = 558013E822F8B04000FA6D7A;
			productRefGroup = 558013F222F8B04000FA6D7A /* Products */;
			projectDirPath = "";
			projectRoot = "";
			targets = (
				558013F022F8B04000FA6D7A /* lifetime */,
			);
		};
/* End PBXProject section */

/* Begin PBXResourcesBuildPhase section */
		558013EF22F8B04000FA6D7A /* Resources */ = {
			isa = PBXResourcesBuildPhase;
			buildActionMask = 2147483647;
			files = (
				558013FE22F8B04000FA6D7A /* Assets.xcassets in Resources */,
				558013FC22F8B04000FA6D7A /* Main.storyboard in Resources */,
			);
			runOnlyForDeploymentPostprocessing = 0;
		};
/* End PBXResourcesBuildPhase section */

/* Begin PBXSourcesBuildPhase section */
		558013ED22F8B04000FA6D7A /* Sources */ = {
			isa = PBXSourcesBuildPhase;
			buildActionMask = 2147483647;
			files = (
				559ABB4D22FEE20F00DCCA4D /* LifeDiagramViewController.swift in Sources */,
				553F531F22F9C2450001B0D4 /* LifetimeCalculator.swift in Sources */,
				553F532522F9C6120001B0D4 /* General.swift in Sources */,
				558013F922F8B04000FA6D7A /* MainViewController.swift in Sources */,
				553F532322F9C2D10001B0D4 /* Lifetime.swift in Sources */,
				559ABB4622FEDB8D00DCCA4D /* PreferencesRepository.swift in Sources */,
				558013F522F8B04000FA6D7A /* AppDelegate.swift in Sources */,
				559ABB4822FEDBE500DCCA4D /* PreferencesRepositoryImpl.swift in Sources */,
				5549F4712300150B0072644B /* LifetimeCalculatorImpl.swift in Sources */,
				558013F722F8B04000FA6D7A /* SceneDelegate.swift in Sources */,
			);
			runOnlyForDeploymentPostprocessing = 0;
		};
/* End PBXSourcesBuildPhase section */

/* Begin PBXVariantGroup section */
		558013FA22F8B04000FA6D7A /* Main.storyboard */ = {
			isa = PBXVariantGroup;
			children = (
				558013FB22F8B04000FA6D7A /* Base */,
			);
			name = Main.storyboard;
			sourceTree = "<group>";
		};
/* End PBXVariantGroup section */

/* Begin XCBuildConfiguration section */
		5580140322F8B04000FA6D7A /* Debug */ = {
			isa = XCBuildConfiguration;
			buildSettings = {
				ALWAYS_SEARCH_USER_PATHS = NO;
				CLANG_ANALYZER_NONNULL = YES;
				CLANG_ANALYZER_NUMBER_OBJECT_CONVERSION = YES_AGGRESSIVE;
				CLANG_CXX_LANGUAGE_STANDARD = "gnu++14";
				CLANG_CXX_LIBRARY = "libc++";
				CLANG_ENABLE_MODULES = YES;
				CLANG_ENABLE_OBJC_ARC = YES;
				CLANG_ENABLE_OBJC_WEAK = YES;
				CLANG_WARN_BLOCK_CAPTURE_AUTORELEASING = YES;
				CLANG_WARN_BOOL_CONVERSION = YES;
				CLANG_WARN_COMMA = YES;
				CLANG_WARN_CONSTANT_CONVERSION = YES;
				CLANG_WARN_DEPRECATED_OBJC_IMPLEMENTATIONS = YES;
				CLANG_WARN_DIRECT_OBJC_ISA_USAGE = YES_ERROR;
				CLANG_WARN_DOCUMENTATION_COMMENTS = YES;
				CLANG_WARN_EMPTY_BODY = YES;
				CLANG_WARN_ENUM_CONVERSION = YES;
				CLANG_WARN_INFINITE_RECURSION = YES;
				CLANG_WARN_INT_CONVERSION = YES;
				CLANG_WARN_NON_LITERAL_NULL_CONVERSION = YES;
				CLANG_WARN_OBJC_IMPLICIT_RETAIN_SELF = YES;
				CLANG_WARN_OBJC_LITERAL_CONVERSION = YES;
				CLANG_WARN_OBJC_ROOT_CLASS = YES_ERROR;
				CLANG_WARN_RANGE_LOOP_ANALYSIS = YES;
				CLANG_WARN_STRICT_PROTOTYPES = YES;
				CLANG_WARN_SUSPICIOUS_MOVE = YES;
				CLANG_WARN_UNGUARDED_AVAILABILITY = YES_AGGRESSIVE;
				CLANG_WARN_UNREACHABLE_CODE = YES;
				CLANG_WARN__DUPLICATE_METHOD_MATCH = YES;
				COPY_PHASE_STRIP = NO;
				DEBUG_INFORMATION_FORMAT = dwarf;
				ENABLE_STRICT_OBJC_MSGSEND = YES;
				ENABLE_TESTABILITY = YES;
				GCC_C_LANGUAGE_STANDARD = gnu11;
				GCC_DYNAMIC_NO_PIC = NO;
				GCC_NO_COMMON_BLOCKS = YES;
				GCC_OPTIMIZATION_LEVEL = 0;
				GCC_PREPROCESSOR_DEFINITIONS = (
					"DEBUG=1",
					"$(inherited)",
				);
				GCC_WARN_64_TO_32_BIT_CONVERSION = YES;
				GCC_WARN_ABOUT_RETURN_TYPE = YES_ERROR;
				GCC_WARN_UNDECLARED_SELECTOR = YES;
				GCC_WARN_UNINITIALIZED_AUTOS = YES_AGGRESSIVE;
				GCC_WARN_UNUSED_FUNCTION = YES;
				GCC_WARN_UNUSED_VARIABLE = YES;
				IPHONEOS_DEPLOYMENT_TARGET = 13.0;
				MTL_ENABLE_DEBUG_INFO = INCLUDE_SOURCE;
				MTL_FAST_MATH = YES;
				ONLY_ACTIVE_ARCH = YES;
				SDKROOT = iphoneos;
				SWIFT_ACTIVE_COMPILATION_CONDITIONS = DEBUG;
				SWIFT_OPTIMIZATION_LEVEL = "-Onone";
			};
			name = Debug;
		};
		5580140422F8B04000FA6D7A /* Release */ = {
			isa = XCBuildConfiguration;
			buildSettings = {
				ALWAYS_SEARCH_USER_PATHS = NO;
				CLANG_ANALYZER_NONNULL = YES;
				CLANG_ANALYZER_NUMBER_OBJECT_CONVERSION = YES_AGGRESSIVE;
				CLANG_CXX_LANGUAGE_STANDARD = "gnu++14";
				CLANG_CXX_LIBRARY = "libc++";
				CLANG_ENABLE_MODULES = YES;
				CLANG_ENABLE_OBJC_ARC = YES;
				CLANG_ENABLE_OBJC_WEAK = YES;
				CLANG_WARN_BLOCK_CAPTURE_AUTORELEASING = YES;
				CLANG_WARN_BOOL_CONVERSION = YES;
				CLANG_WARN_COMMA = YES;
				CLANG_WARN_CONSTANT_CONVERSION = YES;
				CLANG_WARN_DEPRECATED_OBJC_IMPLEMENTATIONS = YES;
				CLANG_WARN_DIRECT_OBJC_ISA_USAGE = YES_ERROR;
				CLANG_WARN_DOCUMENTATION_COMMENTS = YES;
				CLANG_WARN_EMPTY_BODY = YES;
				CLANG_WARN_ENUM_CONVERSION = YES;
				CLANG_WARN_INFINITE_RECURSION = YES;
				CLANG_WARN_INT_CONVERSION = YES;
				CLANG_WARN_NON_LITERAL_NULL_CONVERSION = YES;
				CLANG_WARN_OBJC_IMPLICIT_RETAIN_SELF = YES;
				CLANG_WARN_OBJC_LITERAL_CONVERSION = YES;
				CLANG_WARN_OBJC_ROOT_CLASS = YES_ERROR;
				CLANG_WARN_RANGE_LOOP_ANALYSIS = YES;
				CLANG_WARN_STRICT_PROTOTYPES = YES;
				CLANG_WARN_SUSPICIOUS_MOVE = YES;
				CLANG_WARN_UNGUARDED_AVAILABILITY = YES_AGGRESSIVE;
				CLANG_WARN_UNREACHABLE_CODE = YES;
				CLANG_WARN__DUPLICATE_METHOD_MATCH = YES;
				COPY_PHASE_STRIP = NO;
				DEBUG_INFORMATION_FORMAT = "dwarf-with-dsym";
				ENABLE_NS_ASSERTIONS = NO;
				ENABLE_STRICT_OBJC_MSGSEND = YES;
				GCC_C_LANGUAGE_STANDARD = gnu11;
				GCC_NO_COMMON_BLOCKS = YES;
				GCC_WARN_64_TO_32_BIT_CONVERSION = YES;
				GCC_WARN_ABOUT_RETURN_TYPE = YES_ERROR;
				GCC_WARN_UNDECLARED_SELECTOR = YES;
				GCC_WARN_UNINITIALIZED_AUTOS = YES_AGGRESSIVE;
				GCC_WARN_UNUSED_FUNCTION = YES;
				GCC_WARN_UNUSED_VARIABLE = YES;
				IPHONEOS_DEPLOYMENT_TARGET = 13.0;
				MTL_ENABLE_DEBUG_INFO = NO;
				MTL_FAST_MATH = YES;
				SDKROOT = iphoneos;
				SWIFT_COMPILATION_MODE = wholemodule;
				SWIFT_OPTIMIZATION_LEVEL = "-O";
				VALIDATE_PRODUCT = YES;
			};
			name = Release;
		};
		5580140622F8B04000FA6D7A /* Debug */ = {
			isa = XCBuildConfiguration;
			buildSettings = {
				ASSETCATALOG_COMPILER_APPICON_NAME = AppIcon;
				CODE_SIGN_STYLE = Automatic;
				INFOPLIST_FILE = lifetime/Info.plist;
				LD_RUNPATH_SEARCH_PATHS = (
					"$(inherited)",
					"@executable_path/Frameworks",
				);
				PRODUCT_BUNDLE_IDENTIFIER = com.latitudeapps.lifetime;
				PRODUCT_NAME = "$(TARGET_NAME)";
				SWIFT_VERSION = 5.0;
				TARGETED_DEVICE_FAMILY = "1,2";
			};
			name = Debug;
		};
		5580140722F8B04000FA6D7A /* Release */ = {
			isa = XCBuildConfiguration;
			buildSettings = {
				ASSETCATALOG_COMPILER_APPICON_NAME = AppIcon;
				CODE_SIGN_STYLE = Automatic;
				INFOPLIST_FILE = lifetime/Info.plist;
				LD_RUNPATH_SEARCH_PATHS = (
					"$(inherited)",
					"@executable_path/Frameworks",
				);
				PRODUCT_BUNDLE_IDENTIFIER = com.latitudeapps.lifetime;
				PRODUCT_NAME = "$(TARGET_NAME)";
				SWIFT_VERSION = 5.0;
				TARGETED_DEVICE_FAMILY = "1,2";
			};
			name = Release;
		};
/* End XCBuildConfiguration section */

/* Begin XCConfigurationList section */
		558013EC22F8B04000FA6D7A /* Build configuration list for PBXProject "lifetime" */ = {
			isa = XCConfigurationList;
			buildConfigurations = (
				5580140322F8B04000FA6D7A /* Debug */,
				5580140422F8B04000FA6D7A /* Release */,
			);
			defaultConfigurationIsVisible = 0;
			defaultConfigurationName = Release;
		};
		5580140522F8B04000FA6D7A /* Build configuration list for PBXNativeTarget "lifetime" */ = {
			isa = XCConfigurationList;
			buildConfigurations = (
				5580140622F8B04000FA6D7A /* Debug */,
				5580140722F8B04000FA6D7A /* Release */,
			);
			defaultConfigurationIsVisible = 0;
			defaultConfigurationName = Release;
		};
/* End XCConfigurationList section */
	};
	rootObject = 558013E922F8B04000FA6D7A /* Project object */;
}
